#MicroXplorer Configuration settings - do not modify
Mcu.Family=STM32F4
ProjectManager.MainLocation=Core/Src
PD12.GPIO_Label=Green LED
ProjectManager.ProjectFileName=Task1_LEDsButtonsInterrupts.ioc
RCC.CortexFreq_Value=50000000
PD15.GPIO_Label=Blue LED
ProjectManager.KeepUserCode=true
Mcu.UserName=STM32F401VCTx
PA15.GPIOParameters=GPIO_Label
Mcu.PinsNb=10
PC9.GPIO_Label=SW2
ProjectManager.NoMain=false
PC11.Locked=true
SH.GPXTI9.0=GPIO_EXTI9
RCC.PLLCLKFreq_Value=50000000
PC11.Signal=GPXTI11
RCC.PLLQCLKFreq_Value=14285714.285714285
ProjectManager.functionlistsort=1-MX_GPIO_Init-GPIO-false-HAL-true,2-SystemClock_Config-RCC-false-HAL-false
PC8.Signal=GPXTI8
PC6.Signal=GPXTI6
PD13.GPIOParameters=GPIO_Label
PC6.GPIO_Label=SW3
RCC.RTCFreq_Value=32000
PC9.Locked=true
ProjectManager.DefaultFWLocation=true
ProjectManager.DeletePrevious=true
RCC.APB1CLKDivider=RCC_HCLK_DIV4
PC11.GPIOParameters=GPIO_Label
boardIOC=true
PinOutPanel.RotationAngle=0
RCC.SYSCLKSource=RCC_SYSCLKSOURCE_PLLCLK
ProjectManager.StackSize=0x400
PD12.Locked=true
SH.GPXTI6.0=GPIO_EXTI6
PC8.GPIO_Label=SW4
PD13.Signal=GPIO_Output
SH.GPXTI6.ConfNb=1
RCC.FCLKCortexFreq_Value=50000000
PD13.Locked=true
NVIC.SVCall_IRQn=true\:0\:0\:false\:false\:true\:true\:false
Mcu.IP2=SYS
PA15.GPIO_Label=SW1
Mcu.IP0=NVIC
PA15.Locked=true
Mcu.IP1=RCC
PD15.GPIOParameters=GPIO_Label
Mcu.UserConstants=
PD12.GPIOParameters=GPIO_Label
ProjectManager.TargetToolchain=STM32CubeIDE
Mcu.ThirdPartyNb=0
RCC.HCLKFreq_Value=50000000
Mcu.IPNb=3
RCC.I2SClocksFreq_Value=192000000
ProjectManager.PreviousToolchain=
PC6.Locked=true
RCC.APB2TimFreq_Value=50000000
RCC.VcooutputI2S=192000000
Mcu.Pin6=PC9
Mcu.Pin7=PA15
ProjectManager.RegisterCallBack=
Mcu.Pin8=PC11
Mcu.Pin9=VP_SYS_VS_Systick
RCC.LSE_VALUE=32768
RCC.AHBFreq_Value=50000000
Mcu.Pin0=PD12
Mcu.Pin1=PD13
GPIO.groupedBy=Group By Peripherals
Mcu.Pin2=PD14
Mcu.Pin3=PD15
Mcu.Pin4=PC6
NVIC.EXTI15_10_IRQn=true\:0\:0\:false\:false\:true\:true\:true
RCC.VCOI2SOutputFreq_Value=384000000
Mcu.Pin5=PC8
ProjectManager.ProjectBuild=false
RCC.HSE_VALUE=8000000
NVIC.UsageFault_IRQn=true\:0\:0\:false\:false\:true\:true\:false
NVIC.DebugMonitor_IRQn=true\:0\:0\:false\:false\:true\:true\:false
board=STM32F401C-DISCO
RCC.VCOOutputFreq_Value=100000000
NVIC.SysTick_IRQn=true\:0\:0\:false\:false\:true\:true\:true
ProjectManager.LastFirmware=true
ProjectManager.FirmwarePackage=STM32Cube FW_F4 V1.26.2
MxDb.Version=DB.6.0.21
RCC.APB2Freq_Value=50000000
ProjectManager.BackupPrevious=false
MxCube.Version=6.2.1
RCC.VCOInputFreq_Value=2000000
PC11.GPIO_Label=SW0
File.Version=6
VP_SYS_VS_Systick.Mode=SysTick
NVIC.NonMaskableInt_IRQn=true\:0\:0\:false\:false\:true\:true\:false
PD14.GPIO_Label=Red LED
SH.GPXTI11.ConfNb=1
NVIC.PendSV_IRQn=true\:0\:0\:false\:false\:true\:true\:false
ProjectManager.FreePins=false
RCC.IPParameters=48MHZClocksFreq_Value,AHBFreq_Value,APB1CLKDivider,APB1Freq_Value,APB1TimFreq_Value,APB2Freq_Value,APB2TimFreq_Value,CortexFreq_Value,FCLKCortexFreq_Value,HCLKFreq_Value,HSE_VALUE,HSI_VALUE,I2SClocksFreq_Value,LSE_VALUE,LSI_VALUE,MCO2PinFreq_Value,PLLCLKFreq_Value,PLLM,PLLN,PLLQ,PLLQCLKFreq_Value,RTCFreq_Value,RTCHSEDivFreq_Value,SYSCLKFreq_VALUE,SYSCLKSource,VCOI2SOutputFreq_Value,VCOInputFreq_Value,VCOOutputFreq_Value,VcooutputI2S
PC9.GPIOParameters=GPIO_Label
ProjectManager.AskForMigrate=true
Mcu.Name=STM32F401V(B-C)Tx
ProjectManager.HalAssertFull=false
RCC.RTCHSEDivFreq_Value=4000000
ProjectManager.ProjectName=Task1_LEDsButtonsInterrupts
ProjectManager.UnderRoot=true
PD14.Signal=GPIO_Output
ProjectManager.CoupleFile=false
RCC.48MHZClocksFreq_Value=14285714.285714285
RCC.MCO2PinFreq_Value=50000000
PC8.GPIOParameters=GPIO_Label
PD14.GPIOParameters=GPIO_Label
RCC.SYSCLKFreq_VALUE=50000000
PD13.GPIO_Label=Orange LED
Mcu.Package=LQFP100
SH.GPXTI11.0=GPIO_EXTI11
NVIC.ForceEnableDMAVector=true
KeepUserPlacement=false
SH.GPXTI8.0=GPIO_EXTI8
PD12.Signal=GPIO_Output
NVIC.MemoryManagement_IRQn=true\:0\:0\:false\:false\:true\:true\:false
ProjectManager.CompilerOptimize=6
ProjectManager.ToolChainLocation=
PD14.Locked=true
PD15.Locked=true
RCC.LSI_VALUE=32000
VP_SYS_VS_Systick.Signal=SYS_VS_Systick
NVIC.EXTI9_5_IRQn=true\:0\:0\:false\:false\:true\:true\:true
SH.GPXTI9.ConfNb=1
SH.GPXTI8.ConfNb=1
PA15.Signal=GPXTI15
ProjectManager.HeapSize=0x200
NVIC.HardFault_IRQn=true\:0\:0\:false\:false\:true\:true\:false
PC6.GPIOParameters=GPIO_Label
SH.GPXTI15.ConfNb=1
ProjectManager.ComputerToolchain=false
RCC.HSI_VALUE=16000000
RCC.PLLQ=7
NVIC.PriorityGroup=NVIC_PRIORITYGROUP_0
SH.GPXTI15.0=GPIO_EXTI15
RCC.PLLM=8
RCC.PLLN=50
RCC.APB1TimFreq_Value=25000000
NVIC.BusFault_IRQn=true\:0\:0\:false\:false\:true\:true\:false
PC8.Locked=true
PC9.Signal=GPXTI9
RCC.APB1Freq_Value=12500000
PD15.Signal=GPIO_Output
ProjectManager.CustomerFirmwarePackage=
ProjectManager.DeviceId=STM32F401VCTx
ProjectManager.LibraryCopy=1
isbadioc=false
