#MicroXplorer Configuration settings - do not modify
Mcu.Family=STM32F4
RCC.PLLSourceVirtual=RCC_PLLSOURCE_HSE
TIM4.Channel-PWM\ Generation1\ CH1=TIM_CHANNEL_1
ProjectManager.MainLocation=Core/Src
SH.S_TIM4_CH1.ConfNb=1
PD12.GPIO_Label=Green LED
TIM4.Pulse-PWM\ Generation3\ CH3=0
SH.S_TIM4_CH2.ConfNb=1
ProjectManager.ProjectFileName=Task2_TimersPWM.ioc
PH0-OSC_IN.Signal=RCC_OSC_IN
TIM4.AutoReloadPreload=TIM_AUTORELOAD_PRELOAD_ENABLE
RCC.CortexFreq_Value=8000000
PD15.GPIO_Label=Blue LED
ProjectManager.KeepUserCode=true
Mcu.UserName=STM32F407VGTx
PA15.GPIOParameters=GPIO_Label
Mcu.PinsNb=13
PC9.GPIO_Label=SWT3
ProjectManager.NoMain=false
PC11.Locked=true
SH.GPXTI9.0=GPIO_EXTI9
SH.S_TIM4_CH4.0=TIM4_CH4,PWM Generation4 CH4
RCC.PLLCLKFreq_Value=168000000
PC11.Signal=GPXTI11
RCC.PLLQCLKFreq_Value=48000000
ProjectManager.functionlistsort=1-MX_GPIO_Init-GPIO-false-HAL-true,2-SystemClock_Config-RCC-false-HAL-false,3-MX_TIM4_Init-TIM4-false-HAL-true
PC8.Signal=GPXTI8
PC6.Signal=GPXTI6
PD13.GPIOParameters=GPIO_Label
PC6.GPIO_Label=SWT4
RCC.RTCFreq_Value=32000
PC9.Locked=true
ProjectManager.DefaultFWLocation=true
ProjectManager.DeletePrevious=true
SH.S_TIM4_CH4.ConfNb=1
PC11.GPIOParameters=GPIO_Label
boardIOC=true
PinOutPanel.RotationAngle=0
RCC.FamilyName=M
TIM4.TIM_MasterOutputTrigger=TIM_TRGO_RESET
RCC.SYSCLKSource=RCC_SYSCLKSOURCE_HSE
ProjectManager.StackSize=0x400
SH.GPXTI6.0=GPIO_EXTI6
PC8.GPIO_Label=SWT5
PD13.Signal=S_TIM4_CH2
SH.GPXTI6.ConfNb=1
RCC.FCLKCortexFreq_Value=8000000
NVIC.SVCall_IRQn=true\:0\:0\:false\:false\:true\:true\:false
Mcu.IP2=SYS
Mcu.IP3=TIM4
PA15.GPIO_Label=SWT2
Mcu.IP0=NVIC
PA15.Locked=true
Mcu.IP1=RCC
PD15.GPIOParameters=GPIO_Label
Mcu.UserConstants=
PD12.GPIOParameters=GPIO_Label
VP_TIM4_VS_ClockSourceINT.Signal=TIM4_VS_ClockSourceINT
ProjectManager.TargetToolchain=STM32CubeIDE
TIM4.IPParameters=Channel-PWM Generation1 CH1,Channel-PWM Generation2 CH2,Channel-PWM Generation3 CH3,Channel-PWM Generation4 CH4,Prescaler,Period,AutoReloadPreload,OCMode_PWM-PWM Generation3 CH3,TIM_MasterOutputTrigger,Pulse-PWM Generation4 CH4,Pulse-PWM Generation3 CH3,Pulse-PWM Generation1 CH1,OCMode_PWM-PWM Generation1 CH1,OCMode_PWM-PWM Generation4 CH4
TIM4.OCMode_PWM-PWM\ Generation3\ CH3=TIM_OCMODE_PWM1
Mcu.ThirdPartyNb=0
SH.S_TIM4_CH3.0=TIM4_CH3,PWM Generation3 CH3
RCC.HCLKFreq_Value=8000000
Mcu.IPNb=4
RCC.I2SClocksFreq_Value=96000000
ProjectManager.PreviousToolchain=
PC6.Locked=true
RCC.APB2TimFreq_Value=8000000
TIM4.Pulse-PWM\ Generation1\ CH1=0
TIM4.OCMode_PWM-PWM\ Generation1\ CH1=TIM_OCMODE_PWM1
RCC.VcooutputI2S=96000000
Mcu.Pin6=PC6
Mcu.Pin7=PC8
ProjectManager.RegisterCallBack=
Mcu.Pin8=PC9
Mcu.Pin9=PA15
TIM4.Prescaler=10
RCC.LSE_VALUE=32768
RCC.AHBFreq_Value=8000000
PH0-OSC_IN.Mode=HSE-External-Oscillator
Mcu.Pin0=PH0-OSC_IN
Mcu.Pin1=PH1-OSC_OUT
GPIO.groupedBy=Group By Peripherals
Mcu.Pin2=PD12
Mcu.Pin3=PD13
SH.S_TIM4_CH3.ConfNb=1
Mcu.Pin4=PD14
NVIC.EXTI15_10_IRQn=true\:0\:0\:false\:false\:true\:true\:true
RCC.VCOI2SOutputFreq_Value=192000000
Mcu.Pin5=PD15
ProjectManager.ProjectBuild=false
RCC.HSE_VALUE=8000000
TIM4.Channel-PWM\ Generation3\ CH3=TIM_CHANNEL_3
NVIC.UsageFault_IRQn=true\:0\:0\:false\:false\:true\:true\:false
NVIC.DebugMonitor_IRQn=true\:0\:0\:false\:false\:true\:true\:false
board=STM32F407G-DISC1
RCC.VCOOutputFreq_Value=336000000
NVIC.SysTick_IRQn=true\:0\:0\:false\:false\:true\:true\:true
ProjectManager.LastFirmware=true
TIM4.Pulse-PWM\ Generation4\ CH4=0
ProjectManager.FirmwarePackage=STM32Cube FW_F4 V1.26.2
MxDb.Version=DB.6.0.21
TIM4.Channel-PWM\ Generation2\ CH2=TIM_CHANNEL_2
RCC.APB2Freq_Value=8000000
ProjectManager.BackupPrevious=false
MxCube.Version=6.2.1
RCC.VCOInputFreq_Value=1000000
PC11.GPIO_Label=SWT1
File.Version=6
VP_SYS_VS_Systick.Mode=SysTick
RCC.EthernetFreq_Value=8000000
PH1-OSC_OUT.Signal=RCC_OSC_OUT
SH.S_TIM4_CH2.0=TIM4_CH2,PWM Generation2 CH2
NVIC.NonMaskableInt_IRQn=true\:0\:0\:false\:false\:true\:true\:false
PD14.GPIO_Label=Red LED
SH.GPXTI11.ConfNb=1
NVIC.PendSV_IRQn=true\:0\:0\:false\:false\:true\:true\:false
TIM4.Period=160
ProjectManager.FreePins=false
RCC.IPParameters=48MHZClocksFreq_Value,AHBFreq_Value,APB1Freq_Value,APB1TimFreq_Value,APB2Freq_Value,APB2TimFreq_Value,CortexFreq_Value,EthernetFreq_Value,FCLKCortexFreq_Value,FamilyName,HCLKFreq_Value,HSE_VALUE,HSI_VALUE,I2SClocksFreq_Value,LSE_VALUE,LSI_VALUE,MCO2PinFreq_Value,PLLCLKFreq_Value,PLLM,PLLN,PLLQ,PLLQCLKFreq_Value,PLLSourceVirtual,RTCFreq_Value,RTCHSEDivFreq_Value,SYSCLKFreq_VALUE,SYSCLKSource,VCOI2SOutputFreq_Value,VCOInputFreq_Value,VCOOutputFreq_Value,VcooutputI2S
PC9.GPIOParameters=GPIO_Label
ProjectManager.AskForMigrate=true
Mcu.Name=STM32F407V(E-G)Tx
ProjectManager.HalAssertFull=false
RCC.RTCHSEDivFreq_Value=4000000
ProjectManager.ProjectName=Task2_TimersPWM
ProjectManager.UnderRoot=true
PD14.Signal=S_TIM4_CH3
ProjectManager.CoupleFile=false
PH1-OSC_OUT.Mode=HSE-External-Oscillator
RCC.48MHZClocksFreq_Value=48000000
RCC.MCO2PinFreq_Value=8000000
PC8.GPIOParameters=GPIO_Label
PD14.GPIOParameters=GPIO_Label
RCC.SYSCLKFreq_VALUE=8000000
PD13.GPIO_Label=Orange LED
Mcu.Package=LQFP100
SH.GPXTI11.0=GPIO_EXTI11
NVIC.ForceEnableDMAVector=true
KeepUserPlacement=false
SH.GPXTI8.0=GPIO_EXTI8
PD12.Signal=S_TIM4_CH1
NVIC.MemoryManagement_IRQn=true\:0\:0\:false\:false\:true\:true\:false
ProjectManager.CompilerOptimize=6
ProjectManager.ToolChainLocation=
RCC.LSI_VALUE=32000
VP_SYS_VS_Systick.Signal=SYS_VS_Systick
NVIC.EXTI9_5_IRQn=true\:0\:0\:false\:false\:true\:true\:true
SH.GPXTI9.ConfNb=1
SH.GPXTI8.ConfNb=1
TIM4.OCMode_PWM-PWM\ Generation4\ CH4=TIM_OCMODE_PWM1
PA15.Signal=GPXTI15
ProjectManager.HeapSize=0x200
NVIC.HardFault_IRQn=true\:0\:0\:false\:false\:true\:true\:false
PC6.GPIOParameters=GPIO_Label
SH.GPXTI15.ConfNb=1
ProjectManager.ComputerToolchain=false
RCC.HSI_VALUE=16000000
VP_TIM4_VS_ClockSourceINT.Mode=Internal
RCC.PLLQ=7
NVIC.PriorityGroup=NVIC_PRIORITYGROUP_0
SH.GPXTI15.0=GPIO_EXTI15
Mcu.Pin11=VP_SYS_VS_Systick
Mcu.Pin12=VP_TIM4_VS_ClockSourceINT
RCC.PLLM=8
RCC.PLLN=336
Mcu.Pin10=PC11
SH.S_TIM4_CH1.0=TIM4_CH1,PWM Generation1 CH1
RCC.APB1TimFreq_Value=8000000
NVIC.BusFault_IRQn=true\:0\:0\:false\:false\:true\:true\:false
PC8.Locked=true
PC9.Signal=GPXTI9
TIM4.Channel-PWM\ Generation4\ CH4=TIM_CHANNEL_4
RCC.APB1Freq_Value=8000000
PD15.Signal=S_TIM4_CH4
ProjectManager.CustomerFirmwarePackage=
ProjectManager.DeviceId=STM32F407VGTx
ProjectManager.LibraryCopy=1
isbadioc=false
